
Microsoft Visual Studio Solution File, Format Version 12.00
# Visual Studio 2012
Project("{8BC9CEB8-8B4A-11D0-8D11-00A0C91BC942}") = "Example1", "Example1\Example1.vcxproj", "{E3490BFF-7986-45B0-B81F-B00C0A68028C}"
EndProject
Project("{8BC9CEB8-8B4A-11D0-8D11-00A0C91BC942}") = "Example2", "Example2\Example2.vcxproj", "{1D804133-8FE4-41D8-BCA4-040D64BADF2C}"
EndProject
Global
	GlobalSection(SolutionConfigurationPlatforms) = preSolution
		Debug|Win32 = Debug|Win32
		Release|Win32 = Release|Win32
	EndGlobalSection
	GlobalSection(ProjectConfigurationPlatforms) = postSolution
		{E3490BFF-7986-45B0-B81F-B00C0A68028C}.Debug|Win32.ActiveCfg = Debug|Win32
		{E3490BFF-7986-45B0-B81F-B00C0A68028C}.Debug|Win32.Build.0 = Debug|Win32
		{E3490BFF-7986-45B0-B81F-B00C0A68028C}.Release|Win32.ActiveCfg = Release|Win32
		{E3490BFF-7986-45B0-B81F-B00C0A68028C}.Release|Win32.Build.0 = Release|Win32
		{1D804133-8FE4-41D8-BCA4-040D64BADF2C}.Debug|Win32.ActiveCfg = Debug|Win32
		{1D804133-8FE4-41D8-BCA4-040D64BADF2C}.Debug|Win32.Build.0 = Debug|Win32
		{1D804133-8FE4-41D8-BCA4-040D64BADF2C}.Release|Win32.ActiveCfg = Release|Win32
		{1D804133-8FE4-41D8-BCA4-040D64BADF2C}.Release|Win32.Build.0 = Release|Win32
	EndGlobalSection
	GlobalSection(SolutionProperties) = preSolution
		HideSolutionNode = FALSE
	EndGlobalSection
EndGlobal
